
Microsoft Visual Studio Solution File, Format Version 12.00
# Visual Studio Version 17
VisualStudioVersion = 17.4.33205.214
MinimumVisualStudioVersion = 10.0.40219.1
Project("{FAE04EC0-301F-11D3-BF4B-00C04F79EFBC}") = "Exam", "Exam\Exam.csproj", "{3ABB77A8-3484-464B-835B-6C4773F7B948}"
EndProject
Project("{FAE04EC0-301F-11D3-BF4B-00C04F79EFBC}") = "Exam.Core", "Exam.Core\Exam.Core.csproj", "{09C17C90-70CD-4982-B59F-E0DD0E267745}"
EndProject
Project("{FAE04EC0-301F-11D3-BF4B-00C04F79EFBC}") = "Exam.DataAccess", "Exam.DataAccess\Exam.DataAccess.csproj", "{E77A4BAF-80F6-4440-A005-22EECCCB4993}"
EndProject
Global
	GlobalSection(SolutionConfigurationPlatforms) = preSolution
		Debug|Any CPU = Debug|Any CPU
		Release|Any CPU = Release|Any CPU
	EndGlobalSection
	GlobalSection(ProjectConfigurationPlatforms) = postSolution
		{3ABB77A8-3484-464B-835B-6C4773F7B948}.Debug|Any CPU.ActiveCfg = Debug|Any CPU
		{3ABB77A8-3484-464B-835B-6C4773F7B948}.Debug|Any CPU.Build.0 = Debug|Any CPU
		{3ABB77A8-3484-464B-835B-6C4773F7B948}.Release|Any CPU.ActiveCfg = Release|Any CPU
		{3ABB77A8-3484-464B-835B-6C4773F7B948}.Release|Any CPU.Build.0 = Release|Any CPU
		{09C17C90-70CD-4982-B59F-E0DD0E267745}.Debug|Any CPU.ActiveCfg = Debug|Any CPU
		{09C17C90-70CD-4982-B59F-E0DD0E267745}.Debug|Any CPU.Build.0 = Debug|Any CPU
		{09C17C90-70CD-4982-B59F-E0DD0E267745}.Release|Any CPU.ActiveCfg = Release|Any CPU
		{09C17C90-70CD-4982-B59F-E0DD0E267745}.Release|Any CPU.Build.0 = Release|Any CPU
		{E77A4BAF-80F6-4440-A005-22EECCCB4993}.Debug|Any CPU.ActiveCfg = Debug|Any CPU
		{E77A4BAF-80F6-4440-A005-22EECCCB4993}.Debug|Any CPU.Build.0 = Debug|Any CPU
		{E77A4BAF-80F6-4440-A005-22EECCCB4993}.Release|Any CPU.ActiveCfg = Release|Any CPU
		{E77A4BAF-80F6-4440-A005-22EECCCB4993}.Release|Any CPU.Build.0 = Release|Any CPU
	EndGlobalSection
	GlobalSection(SolutionProperties) = preSolution
		HideSolutionNode = FALSE
	EndGlobalSection
	GlobalSection(ExtensibilityGlobals) = postSolution
		SolutionGuid = {96520FC2-A24C-4FE4-A161-98F1BCB90084}
	EndGlobalSection
EndGlobal
